<?xml version="1.0" encoding="utf-8"?>
<Project ToolsVersion="4.0" xmlns="http://schemas.microsoft.com/developer/msbuild/2003">
  <ItemGroup>
    <Filter Include="Source Files">
      <UniqueIdentifier>{4FC737F1-C7A5-4376-A066-2A32D752A2FF}</UniqueIdentifier>
      <Extensions>cpp;c;cc;cxx;def;odl;idl;hpj;bat;asm;asmx</Extensions>
    </Filter>
    <Filter Include="Header Files">
      <UniqueIdentifier>{93995380-89BD-4b04-88EB-625FBE52EBFB}</UniqueIdentifier>
      <Extensions>h;hh;hpp;hxx;hm;inl;inc;xsd</Extensions>
    </Filter>
    <Filter Include="Resource Files">
      <UniqueIdentifier>{67DA6AB6-F800-4c08-8B7A-83BB121AAD01}</UniqueIdentifier>
      <Extensions>rc;ico;cur;bmp;dlg;rc2;rct;bin;rgs;gif;jpg;jpeg;jpe;resx;tiff;tif;png;wav;mfcribbon-ms</Extensions>
    </Filter>
    <Filter Include="Source Files\test">
      <UniqueIdentifier>{e37e3408-f171-4229-829b-9a7181f76f60}</UniqueIdentifier>
    </Filter>
    <Filter Include="Source Files\GSC">
      <UniqueIdentifier>{77572bf5-0df7-4ee0-bd2d-58523a806283}</UniqueIdentifier>
    </Filter>
    <Filter Include="Header Files\sort">
      <UniqueIdentifier>{ac83a8fa-57ab-4818-b195-e97a55f5eaae}</UniqueIdentifier>
    </Filter>
    <Filter Include="Header Files\array">
      <UniqueIdentifier>{158b85b9-a5ff-496c-a5d8-483a9c505f85}</UniqueIdentifier>
    </Filter>
    <Filter Include="Header Files\divideConquer">
      <UniqueIdentifier>{f800da58-b509-4c11-b050-90020ebe883f}</UniqueIdentifier>
    </Filter>
    <Filter Include="Header Files\greedyAlgorithm">
      <UniqueIdentifier>{2830adb8-6566-489d-ba1c-2119c1e6ea98}</UniqueIdentifier>
    </Filter>
    <Filter Include="Header Files\tree">
      <UniqueIdentifier>{e94982d4-4493-4a03-901a-1a7e357b65c5}</UniqueIdentifier>
    </Filter>
  </ItemGroup>
  <ItemGroup>
    <ClCompile Include="exp1.cpp">
      <Filter>Source Files\test</Filter>
    </ClCompile>
    <ClCompile Include="exp3.cpp">
      <Filter>Source Files\test</Filter>
    </ClCompile>
    <ClCompile Include="unordered_map.cpp">
      <Filter>Source Files\test</Filter>
    </ClCompile>
    <ClCompile Include="emplace.cpp">
      <Filter>Source Files\test</Filter>
    </ClCompile>
    <ClCompile Include="data_structure.cpp">
      <Filter>Source Files\test</Filter>
    </ClCompile>
    <ClCompile Include="exp8_dp.cpp">
      <Filter>Source Files\test</Filter>
    </ClCompile>
    <ClCompile Include="exp7_ch.cpp">
      <Filter>Source Files\test</Filter>
    </ClCompile>
    <ClCompile Include="exp6_forward_list.cpp">
      <Filter>Source Files\test</Filter>
    </ClCompile>
    <ClCompile Include="exp5_map_set.cpp">
      <Filter>Source Files\test</Filter>
    </ClCompile>
    <ClCompile Include="exp4_search_target.cpp">
      <Filter>Source Files\test</Filter>
    </ClCompile>
    <ClCompile Include="exp2_mutex.cpp">
      <Filter>Source Files\test</Filter>
    </ClCompile>
    <ClCompile Include="exp0_vector.cpp">
      <Filter>Source Files\test</Filter>
    </ClCompile>
    <ClCompile Include="exp9_COO.cpp">
      <Filter>Source Files\test</Filter>
    </ClCompile>
    <ClCompile Include="exp10_multithread.cpp">
      <Filter>Source Files\test</Filter>
    </ClCompile>
    <ClCompile Include="exp11_shuffle.cpp">
      <Filter>Source Files\test</Filter>
    </ClCompile>
    <ClCompile Include="..\..\..\..\3%40CSDS\CSDS\GSC\GSC\main.cpp">
      <Filter>Source Files\GSC</Filter>
    </ClCompile>
    <ClCompile Include="..\..\..\..\3%40CSDS\CSDS\GSC\GSC\sort\bucket.cpp">
      <Filter>Header Files\sort</Filter>
    </ClCompile>
  </ItemGroup>
  <ItemGroup>
    <ClInclude Include="..\..\..\..\3%40CSDS\CSDS\GSC\GSC\array\array.hpp">
      <Filter>Header Files\array</Filter>
    </ClInclude>
    <ClInclude Include="..\..\..\..\3%40CSDS\CSDS\GSC\GSC\sort\sort.hpp">
      <Filter>Header Files\sort</Filter>
    </ClInclude>
    <ClInclude Include="..\..\..\..\3%40CSDS\CSDS\GSC\GSC\divideConquer\csDC.hpp">
      <Filter>Header Files\divideConquer</Filter>
    </ClInclude>
    <ClInclude Include="..\..\..\..\3%40CSDS\CSDS\GSC\GSC\tree\bt.hpp">
      <Filter>Header Files\tree</Filter>
    </ClInclude>
  </ItemGroup>
</Project>